{
  "name": "hatmaster",
  "version": "0.1.0",
  "lockfileVersion": 1,
  "requires": true,
  "dependencies": {
    "simulated-annealing": {
      "version": "1.0.2",
      "resolved": "https://registry.npmjs.org/simulated-annealing/-/simulated-annealing-1.0.2.tgz",
      "integrity": "sha512-UHSfuHmJ+1uDmhvKqzSqBBiCKcADCekfmTeWvtYqY/P2pM7+wCVfE2ObRco+thbcutlva2zkqyMijZOok7Ez4Q=="
    }
  }
}
