{
  "name": "hatmaster",
  "version": "0.1.0",
  "lockfileVersion": 1,
  "requires": true,
  "dependencies": {
    "csv-parse": {
      "version": "4.3.4",
      "resolved": "https://registry.npmjs.org/csv-parse/-/csv-parse-4.3.4.tgz",
      "integrity": "sha512-M1R4WL+vt81+GnkKzi0s1qQM6WXvHQKDecNkpozzAEG8LHvIW9bq5eBnOKFQn50fTuAos7JodBh/07MK+J6G2Q=="
    },
    "readline-sync": {
      "version": "1.4.9",
      "resolved": "https://registry.npmjs.org/readline-sync/-/readline-sync-1.4.9.tgz",
      "integrity": "sha1-PtqOZfI80qF+YTAbHwADOWr17No="
    },
    "simulated-annealing": {
      "version": "1.0.2",
      "resolved": "https://registry.npmjs.org/simulated-annealing/-/simulated-annealing-1.0.2.tgz",
      "integrity": "sha512-UHSfuHmJ+1uDmhvKqzSqBBiCKcADCekfmTeWvtYqY/P2pM7+wCVfE2ObRco+thbcutlva2zkqyMijZOok7Ez4Q=="
    }
  }
}
